// !$*UTF8*$!
{
	archiveVersion = 1;
	classes = {
	};
	objectVersion = 46;
	objects = {

/* Begin PBXBuildFile section */
		7A00DCE21CDBBA4700E72C3B /* AppDelegate.swift in Sources */ = {isa = PBXBuildFile; fileRef = 7A00DCE11CDBBA4700E72C3B /* AppDelegate.swift */; };
		7A00DCE41CDBBA4700E72C3B /* ViewController.swift in Sources */ = {isa = PBXBuildFile; fileRef = 7A00DCE31CDBBA4700E72C3B /* ViewController.swift */; };
		7A00DCE61CDBBA4700E72C3B /* Document.swift in Sources */ = {isa = PBXBuildFile; fileRef = 7A00DCE51CDBBA4700E72C3B /* Document.swift */; };
		7A00DCE81CDBBA4700E72C3B /* Assets.xcassets in Resources */ = {isa = PBXBuildFile; fileRef = 7A00DCE71CDBBA4700E72C3B /* Assets.xcassets */; };
		7A00DCEB1CDBBA4700E72C3B /* Main.storyboard in Resources */ = {isa = PBXBuildFile; fileRef = 7A00DCE91CDBBA4700E72C3B /* Main.storyboard */; };
		7A00DCF31CDBBA7200E72C3B /* Song.swift in Sources */ = {isa = PBXBuildFile; fileRef = 7A00DCF21CDBBA7200E72C3B /* Song.swift */; };
/* End PBXBuildFile section */

/* Begin PBXFileReference section */
		7A00DCDE1CDBBA4700E72C3B /* ArrayController.app */ = {isa = PBXFileReference; explicitFileType = wrapper.application; includeInIndex = 0; path = ArrayController.app; sourceTree = BUILT_PRODUCTS_DIR; };
		7A00DCE11CDBBA4700E72C3B /* AppDelegate.swift */ = {isa = PBXFileReference; lastKnownFileType = sourcecode.swift; path = AppDelegate.swift; sourceTree = "<group>"; };
		7A00DCE31CDBBA4700E72C3B /* ViewController.swift */ = {isa = PBXFileReference; lastKnownFileType = sourcecode.swift; path = ViewController.swift; sourceTree = "<group>"; };
		7A00DCE51CDBBA4700E72C3B /* Document.swift */ = {isa = PBXFileReference; lastKnownFileType = sourcecode.swift; path = Document.swift; sourceTree = "<group>"; };
		7A00DCE71CDBBA4700E72C3B /* Assets.xcassets */ = {isa = PBXFileReference; lastKnownFileType = folder.assetcatalog; path = Assets.xcassets; sourceTree = "<group>"; };
		7A00DCEA1CDBBA4700E72C3B /* Base */ = {isa = PBXFileReference; lastKnownFileType = file.storyboard; name = Base; path = Base.lproj/Main.storyboard; sourceTree = "<group>"; };
		7A00DCEC1CDBBA4700E72C3B /* Info.plist */ = {isa = PBXFileReference; lastKnownFileType = text.plist.xml; path = Info.plist; sourceTree = "<group>"; };
		7A00DCF21CDBBA7200E72C3B /* Song.swift */ = {isa = PBXFileReference; fileEncoding = 4; lastKnownFileType = sourcecode.swift; path = Song.swift; sourceTree = "<group>"; };
/* End PBXFileReference section */

/* Begin PBXFrameworksBuildPhase section */
		7A00DCDB1CDBBA4700E72C3B /* Frameworks */ = {
			isa = PBXFrameworksBuildPhase;
			buildActionMask = 2147483647;
			files = (
			);
			runOnlyForDeploymentPostprocessing = 0;
		};
/* End PBXFrameworksBuildPhase section */

/* Begin PBXGroup section */
		7A00DCD51CDBBA4700E72C3B = {
			isa = PBXGroup;
			children = (
				7A00DCE01CDBBA4700E72C3B /* ArrayController */,
				7A00DCDF1CDBBA4700E72C3B /* Products */,
			);
			sourceTree = "<group>";
		};
		7A00DCDF1CDBBA4700E72C3B /* Products */ = {
			isa = PBXGroup;
			children = (
				7A00DCDE1CDBBA4700E72C3B /* ArrayController.app */,
			);
			name = Products;
			sourceTree = "<group>";
		};
		7A00DCE01CDBBA4700E72C3B /* ArrayController */ = {
			isa = PBXGroup;
			children = (
				7A00DCE11CDBBA4700E72C3B /* AppDelegate.swift */,
				7A00DCE31CDBBA4700E72C3B /* ViewController.swift */,
				7A00DCE51CDBBA4700E72C3B /* Document.swift */,
				7A00DCF21CDBBA7200E72C3B /* Song.swift */,
				7A00DCE71CDBBA4700E72C3B /* Assets.xcassets */,
				7A00DCE91CDBBA4700E72C3B /* Main.storyboard */,
				7A00DCEC1CDBBA4700E72C3B /* Info.plist */,
			);
			path = ArrayController;
			sourceTree = "<group>";
		};
/* End PBXGroup section */

/* Begin PBXNativeTarget section */
		7A00DCDD1CDBBA4700E72C3B /* ArrayController */ = {
			isa = PBXNativeTarget;
			buildConfigurationList = 7A00DCEF1CDBBA4700E72C3B /* Build configuration list for PBXNativeTarget "ArrayController" */;
			buildPhases = (
				7A00DCDA1CDBBA4700E72C3B /* Sources */,
				7A00DCDB1CDBBA4700E72C3B /* Frameworks */,
				7A00DCDC1CDBBA4700E72C3B /* Resources */,
			);
			buildRules = (
			);
			dependencies = (
			);
			name = ArrayController;
			productName = ArrayController;
			productReference = 7A00DCDE1CDBBA4700E72C3B /* ArrayController.app */;
			productType = "com.apple.product-type.application";
		};
/* End PBXNativeTarget section */

/* Begin PBXProject section */
		7A00DCD61CDBBA4700E72C3B /* Project object */ = {
			isa = PBXProject;
			attributes = {
				LastSwiftUpdateCheck = 0730;
				LastUpgradeCheck = 0730;
				ORGANIZATIONNAME = AlphaTest;
				TargetAttributes = {
					7A00DCDD1CDBBA4700E72C3B = {
						CreatedOnToolsVersion = 7.3.1;
					};
				};
			};
			buildConfigurationList = 7A00DCD91CDBBA4700E72C3B /* Build configuration list for PBXProject "ArrayController" */;
			compatibilityVersion = "Xcode 3.2";
			developmentRegion = English;
			hasScannedForEncodings = 0;
			knownRegions = (
				en,
				Base,
			);
			mainGroup = 7A00DCD51CDBBA4700E72C3B;
			productRefGroup = 7A00DCDF1CDBBA4700E72C3B /* Products */;
			projectDirPath = "";
			projectRoot = "";
			targets = (
				7A00DCDD1CDBBA4700E72C3B /* ArrayController */,
			);
		};
/* End PBXProject section */

/* Begin PBXResourcesBuildPhase section */
		7A00DCDC1CDBBA4700E72C3B /* Resources */ = {
			isa = PBXResourcesBuildPhase;
			buildActionMask = 2147483647;
			files = (
				7A00DCE81CDBBA4700E72C3B /* Assets.xcassets in Resources */,
				7A00DCEB1CDBBA4700E72C3B /* Main.storyboard in Resources */,
			);
			runOnlyForDeploymentPostprocessing = 0;
		};
/* End PBXResourcesBuildPhase section */

/* Begin PBXSourcesBuildPhase section */
		7A00DCDA1CDBBA4700E72C3B /* Sources */ = {
			isa = PBXSourcesBuildPhase;
			buildActionMask = 2147483647;
			files = (
				7A00DCF31CDBBA7200E72C3B /* Song.swift in Sources */,
				7A00DCE41CDBBA4700E72C3B /* ViewController.swift in Sources */,
				7A00DCE21CDBBA4700E72C3B /* AppDelegate.swift in Sources */,
				7A00DCE61CDBBA4700E72C3B /* Document.swift in Sources */,
			);
			runOnlyForDeploymentPostprocessing = 0;
		};
/* End PBXSourcesBuildPhase section */

/* Begin PBXVariantGroup section */
		7A00DCE91CDBBA4700E72C3B /* Main.storyboard */ = {
			isa = PBXVariantGroup;
			children = (
				7A00DCEA1CDBBA4700E72C3B /* Base */,
			);
			name = Main.storyboard;
			sourceTree = "<group>";
		};
/* End PBXVariantGroup section */

/* Begin XCBuildConfiguration section */
		7A00DCED1CDBBA4700E72C3B /* Debug */ = {
			isa = XCBuildConfiguration;
			buildSettings = {
				ALWAYS_SEARCH_USER_PATHS = NO;
				CLANG_ANALYZER_NONNULL = YES;
				CLANG_CXX_LANGUAGE_STANDARD = "gnu++0x";
				CLANG_CXX_LIBRARY = "libc++";
				CLANG_ENABLE_MODULES = YES;
				CLANG_ENABLE_OBJC_ARC = YES;
				CLANG_WARN_BOOL_CONVERSION = YES;
				CLANG_WARN_CONSTANT_CONVERSION = YES;
				CLANG_WARN_DIRECT_OBJC_ISA_USAGE = YES_ERROR;
				CLANG_WARN_EMPTY_BODY = YES;
				CLANG_WARN_ENUM_CONVERSION = YES;
				CLANG_WARN_INT_CONVERSION = YES;
				CLANG_WARN_OBJC_ROOT_CLASS = YES_ERROR;
				CLANG_WARN_UNREACHABLE_CODE = YES;
				CLANG_WARN__DUPLICATE_METHOD_MATCH = YES;
				CODE_SIGN_IDENTITY = "-";
				COPY_PHASE_STRIP = NO;
				DEBUG_INFORMATION_FORMAT = dwarf;
				ENABLE_STRICT_OBJC_MSGSEND = YES;
				ENABLE_TESTABILITY = YES;
				GCC_C_LANGUAGE_STANDARD = gnu99;
				GCC_DYNAMIC_NO_PIC = NO;
				GCC_NO_COMMON_BLOCKS = YES;
				GCC_OPTIMIZATION_LEVEL = 0;
				GCC_PREPROCESSOR_DEFINITIONS = (
					"DEBUG=1",
					"$(inherited)",
				);
				GCC_WARN_64_TO_32_BIT_CONVERSION = YES;
				GCC_WARN_ABOUT_RETURN_TYPE = YES_ERROR;
				GCC_WARN_UNDECLARED_SELECTOR = YES;
				GCC_WARN_UNINITIALIZED_AUTOS = YES_AGGRESSIVE;
				GCC_WARN_UNUSED_FUNCTION = YES;
				GCC_WARN_UNUSED_VARIABLE = YES;
				MACOSX_DEPLOYMENT_TARGET = 10.11;
				MTL_ENABLE_DEBUG_INFO = YES;
				ONLY_ACTIVE_ARCH = YES;
				SDKROOT = macosx;
				SWIFT_OPTIMIZATION_LEVEL = "-Onone";
			};
			name = Debug;
		};
		7A00DCEE1CDBBA4700E72C3B /* Release */ = {
			isa = XCBuildConfiguration;
			buildSettings = {
				ALWAYS_SEARCH_USER_PATHS = NO;
				CLANG_ANALYZER_NONNULL = YES;
				CLANG_CXX_LANGUAGE_STANDARD = "gnu++0x";
				CLANG_CXX_LIBRARY = "libc++";
				CLANG_ENABLE_MODULES = YES;
				CLANG_ENABLE_OBJC_ARC = YES;
				CLANG_WARN_BOOL_CONVERSION = YES;
				CLANG_WARN_CONSTANT_CONVERSION = YES;
				CLANG_WARN_DIRECT_OBJC_ISA_USAGE = YES_ERROR;
				CLANG_WARN_EMPTY_BODY = YES;
				CLANG_WARN_ENUM_CONVERSION = YES;
				CLANG_WARN_INT_CONVERSION = YES;
				CLANG_WARN_OBJC_ROOT_CLASS = YES_ERROR;
				CLANG_WARN_UNREACHABLE_CODE = YES;
				CLANG_WARN__DUPLICATE_METHOD_MATCH = YES;
				CODE_SIGN_IDENTITY = "-";
				COPY_PHASE_STRIP = NO;
				DEBUG_INFORMATION_FORMAT = "dwarf-with-dsym";
				ENABLE_NS_ASSERTIONS = NO;
				ENABLE_STRICT_OBJC_MSGSEND = YES;
				GCC_C_LANGUAGE_STANDARD = gnu99;
				GCC_NO_COMMON_BLOCKS = YES;
				GCC_WARN_64_TO_32_BIT_CONVERSION = YES;
				GCC_WARN_ABOUT_RETURN_TYPE = YES_ERROR;
				GCC_WARN_UNDECLARED_SELECTOR = YES;
				GCC_WARN_UNINITIALIZED_AUTOS = YES_AGGRESSIVE;
				GCC_WARN_UNUSED_FUNCTION = YES;
				GCC_WARN_UNUSED_VARIABLE = YES;
				MACOSX_DEPLOYMENT_TARGET = 10.11;
				MTL_ENABLE_DEBUG_INFO = NO;
				SDKROOT = macosx;
			};
			name = Release;
		};
		7A00DCF01CDBBA4700E72C3B /* Debug */ = {
			isa = XCBuildConfiguration;
			buildSettings = {
				ASSETCATALOG_COMPILER_APPICON_NAME = AppIcon;
				COMBINE_HIDPI_IMAGES = YES;
				INFOPLIST_FILE = ArrayController/Info.plist;
				LD_RUNPATH_SEARCH_PATHS = "$(inherited) @executable_path/../Frameworks";
				PRODUCT_BUNDLE_IDENTIFIER = com.masakapa.ArrayController;
				PRODUCT_NAME = "$(TARGET_NAME)";
			};
			name = Debug;
		};
		7A00DCF11CDBBA4700E72C3B /* Release */ = {
			isa = XCBuildConfiguration;
			buildSettings = {
				ASSETCATALOG_COMPILER_APPICON_NAME = AppIcon;
				COMBINE_HIDPI_IMAGES = YES;
				INFOPLIST_FILE = ArrayController/Info.plist;
				LD_RUNPATH_SEARCH_PATHS = "$(inherited) @executable_path/../Frameworks";
				PRODUCT_BUNDLE_IDENTIFIER = com.masakapa.ArrayController;
				PRODUCT_NAME = "$(TARGET_NAME)";
			};
			name = Release;
		};
/* End XCBuildConfiguration section */

/* Begin XCConfigurationList section */
		7A00DCD91CDBBA4700E72C3B /* Build configuration list for PBXProject "ArrayController" */ = {
			isa = XCConfigurationList;
			buildConfigurations = (
				7A00DCED1CDBBA4700E72C3B /* Debug */,
				7A00DCEE1CDBBA4700E72C3B /* Release */,
			);
			defaultConfigurationIsVisible = 0;
			defaultConfigurationName = Release;
		};
		7A00DCEF1CDBBA4700E72C3B /* Build configuration list for PBXNativeTarget "ArrayController" */ = {
			isa = XCConfigurationList;
			buildConfigurations = (
				7A00DCF01CDBBA4700E72C3B /* Debug */,
				7A00DCF11CDBBA4700E72C3B /* Release */,
			);
			defaultConfigurationIsVisible = 0;
			defaultConfigurationName = Release;
		};
/* End XCConfigurationList section */
	};
	rootObject = 7A00DCD61CDBBA4700E72C3B /* Project object */;
}
